
Microsoft Visual Studio Solution File, Format Version 12.00
# Visual Studio Version 16
VisualStudioVersion = 16.0.29905.134
MinimumVisualStudioVersion = 10.0.40219.1
Project("{FAE04EC0-301F-11D3-BF4B-00C04F79EFBC}") = "AlphaTeamTippSpiel", "AlphaTeamTippSpiel\AlphaTeamTippSpiel.csproj", "{F5787B1F-509A-4AA7-95A0-A02CF816CFBF}"
EndProject
Global
	GlobalSection(SolutionConfigurationPlatforms) = preSolution
		Debug|Any CPU = Debug|Any CPU
		Release|Any CPU = Release|Any CPU
	EndGlobalSection
	GlobalSection(ProjectConfigurationPlatforms) = postSolution
		{F5787B1F-509A-4AA7-95A0-A02CF816CFBF}.Debug|Any CPU.ActiveCfg = Debug|Any CPU
		{F5787B1F-509A-4AA7-95A0-A02CF816CFBF}.Debug|Any CPU.Build.0 = Debug|Any CPU
		{F5787B1F-509A-4AA7-95A0-A02CF816CFBF}.Release|Any CPU.ActiveCfg = Release|Any CPU
		{F5787B1F-509A-4AA7-95A0-A02CF816CFBF}.Release|Any CPU.Build.0 = Release|Any CPU
	EndGlobalSection
	GlobalSection(SolutionProperties) = preSolution
		HideSolutionNode = FALSE
	EndGlobalSection
	GlobalSection(ExtensibilityGlobals) = postSolution
		SolutionGuid = {52692D2A-1507-4851-9B5D-6278E00FF37F}
	EndGlobalSection
EndGlobal
